
Microsoft Visual Studio Solution File, Format Version 12.00
# Visual Studio Version 16
VisualStudioVersion = 16.0.30225.117
MinimumVisualStudioVersion = 10.0.40219.1
Project("{9A19103F-16F7-4668-BE54-9A1E7A4F7556}") = "Lab09-Linq", "Lab09-Linq\Lab09-Linq.csproj", "{02BE11AE-B1FF-4B9B-92A7-31DFBDCD81A3}"
EndProject
Global
	GlobalSection(SolutionConfigurationPlatforms) = preSolution
		Debug|Any CPU = Debug|Any CPU
		Release|Any CPU = Release|Any CPU
	EndGlobalSection
	GlobalSection(ProjectConfigurationPlatforms) = postSolution
		{02BE11AE-B1FF-4B9B-92A7-31DFBDCD81A3}.Debug|Any CPU.ActiveCfg = Debug|Any CPU
		{02BE11AE-B1FF-4B9B-92A7-31DFBDCD81A3}.Debug|Any CPU.Build.0 = Debug|Any CPU
		{02BE11AE-B1FF-4B9B-92A7-31DFBDCD81A3}.Release|Any CPU.ActiveCfg = Release|Any CPU
		{02BE11AE-B1FF-4B9B-92A7-31DFBDCD81A3}.Release|Any CPU.Build.0 = Release|Any CPU
	EndGlobalSection
	GlobalSection(SolutionProperties) = preSolution
		HideSolutionNode = FALSE
	EndGlobalSection
	GlobalSection(ExtensibilityGlobals) = postSolution
		SolutionGuid = {00F57857-C915-492D-8CE8-31939FEDDFE0}
	EndGlobalSection
EndGlobal
